
Microsoft Visual Studio Solution File, Format Version 12.00
# Visual Studio Version 17
VisualStudioVersion = 17.4.33213.308
MinimumVisualStudioVersion = 10.0.40219.1
Project("{FAE04EC0-301F-11D3-BF4B-00C04F79EFBC}") = "BE-CRUDVentas", "BE-CRUDVentas.csproj", "{B70F69A2-EA15-4E1B-9496-3621CF6C8327}"
EndProject
Global
	GlobalSection(SolutionConfigurationPlatforms) = preSolution
		Debug|Any CPU = Debug|Any CPU
		Release|Any CPU = Release|Any CPU
	EndGlobalSection
	GlobalSection(ProjectConfigurationPlatforms) = postSolution
		{B70F69A2-EA15-4E1B-9496-3621CF6C8327}.Debug|Any CPU.ActiveCfg = Debug|Any CPU
		{B70F69A2-EA15-4E1B-9496-3621CF6C8327}.Debug|Any CPU.Build.0 = Debug|Any CPU
		{B70F69A2-EA15-4E1B-9496-3621CF6C8327}.Release|Any CPU.ActiveCfg = Release|Any CPU
		{B70F69A2-EA15-4E1B-9496-3621CF6C8327}.Release|Any CPU.Build.0 = Release|Any CPU
	EndGlobalSection
	GlobalSection(SolutionProperties) = preSolution
		HideSolutionNode = FALSE
	EndGlobalSection
	GlobalSection(ExtensibilityGlobals) = postSolution
		SolutionGuid = {9C454D23-9DC9-4595-A562-A1FFDC156EC4}
	EndGlobalSection
EndGlobal
